// !$*UTF8*$!
{
	archiveVersion = 1;
	classes = {
	};
	objectVersion = 56;
	objects = {

/* Begin PBXBuildFile section */
		5F09CDB22C04616D000F6E49 /* ExerciseDetailView.swift in Sources */ = {isa = PBXBuildFile; fileRef = 5F09CDB12C04616D000F6E49 /* ExerciseDetailView.swift */; };
		5F1B4BE02C216345007666BD /* MyExerciseRoutine.swift in Sources */ = {isa = PBXBuildFile; fileRef = 5F1B4BDF2C216345007666BD /* MyExerciseRoutine.swift */; };
		5F1B4BE22C2166DE007666BD /* ResumeMyExerciseList.swift in Sources */ = {isa = PBXBuildFile; fileRef = 5F1B4BE12C2166DE007666BD /* ResumeMyExerciseList.swift */; };
		5F1C94CE2C04FF5B009F1B65 /* ProfileSettingsView.swift in Sources */ = {isa = PBXBuildFile; fileRef = 5F1C94CD2C04FF5B009F1B65 /* ProfileSettingsView.swift */; };
		5F1C94D02C04FF91009F1B65 /* ProfileModel.swift in Sources */ = {isa = PBXBuildFile; fileRef = 5F1C94CF2C04FF91009F1B65 /* ProfileModel.swift */; };
		5F1C94D22C050673009F1B65 /* ProfileVM.swift in Sources */ = {isa = PBXBuildFile; fileRef = 5F1C94D12C050673009F1B65 /* ProfileVM.swift */; };
		5F22DCB42C1ACF9A003028D2 /* RoutineIntro.swift in Sources */ = {isa = PBXBuildFile; fileRef = 5F22DCB32C1ACF9A003028D2 /* RoutineIntro.swift */; };
		5F22DCB62C1AD0C1003028D2 /* ReadyLabel.swift in Sources */ = {isa = PBXBuildFile; fileRef = 5F22DCB52C1AD0C1003028D2 /* ReadyLabel.swift */; };
		5F22DCB82C1AD93A003028D2 /* ExerciseHeader.swift in Sources */ = {isa = PBXBuildFile; fileRef = 5F22DCB72C1AD93A003028D2 /* ExerciseHeader.swift */; };
		5F22DCBA2C1AD991003028D2 /* VideoLabel.swift in Sources */ = {isa = PBXBuildFile; fileRef = 5F22DCB92C1AD991003028D2 /* VideoLabel.swift */; };
		5F22DCBC2C1AD9DA003028D2 /* DoneLabel.swift in Sources */ = {isa = PBXBuildFile; fileRef = 5F22DCBB2C1AD9DA003028D2 /* DoneLabel.swift */; };
		5F3218342C12EAF900AACFE1 /* ResumeExerciseRoutineList.swift in Sources */ = {isa = PBXBuildFile; fileRef = 5F3218332C12EAF900AACFE1 /* ResumeExerciseRoutineList.swift */; };
		5F3409EC2C0EFD3F009725F7 /* YouTubeNavigator.swift in Sources */ = {isa = PBXBuildFile; fileRef = 5F3409EB2C0EFD3F009725F7 /* YouTubeNavigator.swift */; };
		5F3409EE2C0F1098009725F7 /* DailyRoutineExercise.swift in Sources */ = {isa = PBXBuildFile; fileRef = 5F3409ED2C0F1098009725F7 /* DailyRoutineExercise.swift */; };
		5F3C4D672C13A714002969A6 /* CreateYourRoutineView.swift in Sources */ = {isa = PBXBuildFile; fileRef = 5F3C4D662C13A714002969A6 /* CreateYourRoutineView.swift */; };
		5F5FF7AD2C2558EA00462B5D /* HistoryView.swift in Sources */ = {isa = PBXBuildFile; fileRef = 5F5FF7AC2C2558EA00462B5D /* HistoryView.swift */; };
		5F5FF7AF2C255E5D00462B5D /* HistoryModel.swift in Sources */ = {isa = PBXBuildFile; fileRef = 5F5FF7AE2C255E5D00462B5D /* HistoryModel.swift */; };
		5F607D272C070DF700F59E95 /* RoutineModel.swift in Sources */ = {isa = PBXBuildFile; fileRef = 5F607D262C070DF700F59E95 /* RoutineModel.swift */; };
		5F60B3B32C2B01F10071F6C1 /* ProfileInteractor.swift in Sources */ = {isa = PBXBuildFile; fileRef = 5F60B3B22C2B01F10071F6C1 /* ProfileInteractor.swift */; };
		5F6ECDCA2BFB20A50020644D /* officeStretchesApp.swift in Sources */ = {isa = PBXBuildFile; fileRef = 5F6ECDC92BFB20A50020644D /* officeStretchesApp.swift */; };
		5F6ECDCC2BFB20A50020644D /* ContentView.swift in Sources */ = {isa = PBXBuildFile; fileRef = 5F6ECDCB2BFB20A50020644D /* ContentView.swift */; };
		5F6ECDCE2BFB20A60020644D /* Assets.xcassets in Resources */ = {isa = PBXBuildFile; fileRef = 5F6ECDCD2BFB20A60020644D /* Assets.xcassets */; };
		5F6ECDD12BFB20A60020644D /* Preview Assets.xcassets in Resources */ = {isa = PBXBuildFile; fileRef = 5F6ECDD02BFB20A60020644D /* Preview Assets.xcassets */; };
		5F6ECDD92BFB2F220020644D /* DailyRoutineCard.swift in Sources */ = {isa = PBXBuildFile; fileRef = 5F6ECDD82BFB2F220020644D /* DailyRoutineCard.swift */; };
		5F6ECDDD2BFB35560020644D /* ProfileCell.swift in Sources */ = {isa = PBXBuildFile; fileRef = 5F6ECDDC2BFB35560020644D /* ProfileCell.swift */; };
		5F6ECDDF2BFB37690020644D /* MyStretches.swift in Sources */ = {isa = PBXBuildFile; fileRef = 5F6ECDDE2BFB37690020644D /* MyStretches.swift */; };
		5F6ECDE12BFB39140020644D /* MyStretchesCard.swift in Sources */ = {isa = PBXBuildFile; fileRef = 5F6ECDE02BFB39140020644D /* MyStretchesCard.swift */; };
		5F6ECDE32BFB3E4C0020644D /* TitleRow.swift in Sources */ = {isa = PBXBuildFile; fileRef = 5F6ECDE22BFB3E4C0020644D /* TitleRow.swift */; };
		5F7506D32C10DF3D003BEFA0 /* Enums.swift in Sources */ = {isa = PBXBuildFile; fileRef = 5F7506D22C10DF3D003BEFA0 /* Enums.swift */; };
		5F7D833E2C1A140800A27F75 /* SetDoneCount.swift in Sources */ = {isa = PBXBuildFile; fileRef = 5F7D833D2C1A140800A27F75 /* SetDoneCount.swift */; };
		5F8371A92C450EA900716385 /* LoadingView.swift in Sources */ = {isa = PBXBuildFile; fileRef = 5F8371A82C450EA900716385 /* LoadingView.swift */; };
		5F9628942C01C41B00C4DC98 /* MuscleExercisesList.swift in Sources */ = {isa = PBXBuildFile; fileRef = 5F9628932C01C41B00C4DC98 /* MuscleExercisesList.swift */; };
		5F9628962C01C44100C4DC98 /* MuscleExerciseListVM.swift in Sources */ = {isa = PBXBuildFile; fileRef = 5F9628952C01C44100C4DC98 /* MuscleExerciseListVM.swift */; };
		5F9628982C01D88D00C4DC98 /* ExerciseListRow.swift in Sources */ = {isa = PBXBuildFile; fileRef = 5F9628972C01D88D00C4DC98 /* ExerciseListRow.swift */; };
		5FA2B7B22C19E82300757F83 /* CustomBackground.swift in Sources */ = {isa = PBXBuildFile; fileRef = 5FA2B7B12C19E82300757F83 /* CustomBackground.swift */; };
		5FA2B7B42C19EBF800757F83 /* DetailExerciseInfo.swift in Sources */ = {isa = PBXBuildFile; fileRef = 5FA2B7B32C19EBF800757F83 /* DetailExerciseInfo.swift */; };
		5FA2B7B62C19FA3700757F83 /* CongratsView.swift in Sources */ = {isa = PBXBuildFile; fileRef = 5FA2B7B52C19FA3700757F83 /* CongratsView.swift */; };
		5FAA3C8E2BFD2FD800D4297F /* ExerciseListScrollView.swift in Sources */ = {isa = PBXBuildFile; fileRef = 5FAA3C8D2BFD2FD800D4297F /* ExerciseListScrollView.swift */; };
		5FAA3C912BFD3A9D00D4297F /* ExerciseModel.swift in Sources */ = {isa = PBXBuildFile; fileRef = 5FAA3C902BFD3A9C00D4297F /* ExerciseModel.swift */; };
		5FAA3C942BFD3C6D00D4297F /* NetworkInteractor.swift in Sources */ = {isa = PBXBuildFile; fileRef = 5FAA3C932BFD3C6D00D4297F /* NetworkInteractor.swift */; };
		5FAA3C962BFD3E0E00D4297F /* URLSession.swift in Sources */ = {isa = PBXBuildFile; fileRef = 5FAA3C952BFD3E0E00D4297F /* URLSession.swift */; };
		5FAA3C982BFD3EF100D4297F /* NetworkError.swift in Sources */ = {isa = PBXBuildFile; fileRef = 5FAA3C972BFD3EF100D4297F /* NetworkError.swift */; };
		5FAA3C9A2BFD427C00D4297F /* URL.swift in Sources */ = {isa = PBXBuildFile; fileRef = 5FAA3C992BFD427C00D4297F /* URL.swift */; };
		5FAA3C9D2BFD436B00D4297F /* URLRequest.swift in Sources */ = {isa = PBXBuildFile; fileRef = 5FAA3C9C2BFD436B00D4297F /* URLRequest.swift */; };
		5FC108D42BFDDB74004B33FE /* ExerciseInteractor.swift in Sources */ = {isa = PBXBuildFile; fileRef = 5FC108D32BFDDB74004B33FE /* ExerciseInteractor.swift */; };
		5FC108D72BFDFCA0004B33FE /* MainViewVM.swift in Sources */ = {isa = PBXBuildFile; fileRef = 5FC108D62BFDFCA0004B33FE /* MainViewVM.swift */; };
		5FC108DB2BFE02DE004B33FE /* ExerciseList.json in Resources */ = {isa = PBXBuildFile; fileRef = 5FC108DA2BFE02DD004B33FE /* ExerciseList.json */; };
		5FC108DD2BFE04E4004B33FE /* PreviewData.swift in Sources */ = {isa = PBXBuildFile; fileRef = 5FC108DC2BFE04E4004B33FE /* PreviewData.swift */; };
		5FC4870F2C0DA583009B9A0A /* MyExerciseModel.swift in Sources */ = {isa = PBXBuildFile; fileRef = 5FC4870E2C0DA583009B9A0A /* MyExerciseModel.swift */; };
		5FC9AFF02C392A5200B64261 /* ExerciseRoutineText.swift in Sources */ = {isa = PBXBuildFile; fileRef = 5FC9AFEF2C392A5200B64261 /* ExerciseRoutineText.swift */; };
		5FCA80292C590AB500EA0D8C /* officeStretchesTests.swift in Sources */ = {isa = PBXBuildFile; fileRef = 5FCA80282C590AB500EA0D8C /* officeStretchesTests.swift */; };
		5FCE64072C085CFF001B4E91 /* ExerciseRoutine.swift in Sources */ = {isa = PBXBuildFile; fileRef = 5FCE64062C085CFF001B4E91 /* ExerciseRoutine.swift */; };
		5FD3DEE12C480FC200B0E2CF /* AppConfig.swift in Sources */ = {isa = PBXBuildFile; fileRef = 5FD3DEE02C480FC200B0E2CF /* AppConfig.swift */; };
		5FD3DEE42C48130E00B0E2CF /* configAPI.plist in Resources */ = {isa = PBXBuildFile; fileRef = 5FD3DEE32C48130E00B0E2CF /* configAPI.plist */; };
/* End PBXBuildFile section */

/* Begin PBXContainerItemProxy section */
		5FCA802A2C590AB500EA0D8C /* PBXContainerItemProxy */ = {
			isa = PBXContainerItemProxy;
			containerPortal = 5F6ECDBE2BFB20A50020644D /* Project object */;
			proxyType = 1;
			remoteGlobalIDString = 5F6ECDC52BFB20A50020644D;
			remoteInfo = officeStretches;
		};
/* End PBXContainerItemProxy section */

/* Begin PBXFileReference section */
		5F09CDB12C04616D000F6E49 /* ExerciseDetailView.swift */ = {isa = PBXFileReference; lastKnownFileType = sourcecode.swift; path = ExerciseDetailView.swift; sourceTree = "<group>"; };
		5F1B4BDF2C216345007666BD /* MyExerciseRoutine.swift */ = {isa = PBXFileReference; lastKnownFileType = sourcecode.swift; path = MyExerciseRoutine.swift; sourceTree = "<group>"; };
		5F1B4BE12C2166DE007666BD /* ResumeMyExerciseList.swift */ = {isa = PBXFileReference; lastKnownFileType = sourcecode.swift; path = ResumeMyExerciseList.swift; sourceTree = "<group>"; };
		5F1C94CD2C04FF5B009F1B65 /* ProfileSettingsView.swift */ = {isa = PBXFileReference; lastKnownFileType = sourcecode.swift; path = ProfileSettingsView.swift; sourceTree = "<group>"; };
		5F1C94CF2C04FF91009F1B65 /* ProfileModel.swift */ = {isa = PBXFileReference; lastKnownFileType = sourcecode.swift; path = ProfileModel.swift; sourceTree = "<group>"; };
		5F1C94D12C050673009F1B65 /* ProfileVM.swift */ = {isa = PBXFileReference; lastKnownFileType = sourcecode.swift; path = ProfileVM.swift; sourceTree = "<group>"; };
		5F22DCB32C1ACF9A003028D2 /* RoutineIntro.swift */ = {isa = PBXFileReference; lastKnownFileType = sourcecode.swift; path = RoutineIntro.swift; sourceTree = "<group>"; };
		5F22DCB52C1AD0C1003028D2 /* ReadyLabel.swift */ = {isa = PBXFileReference; lastKnownFileType = sourcecode.swift; path = ReadyLabel.swift; sourceTree = "<group>"; };
		5F22DCB72C1AD93A003028D2 /* ExerciseHeader.swift */ = {isa = PBXFileReference; lastKnownFileType = sourcecode.swift; path = ExerciseHeader.swift; sourceTree = "<group>"; };
		5F22DCB92C1AD991003028D2 /* VideoLabel.swift */ = {isa = PBXFileReference; lastKnownFileType = sourcecode.swift; path = VideoLabel.swift; sourceTree = "<group>"; };
		5F22DCBB2C1AD9DA003028D2 /* DoneLabel.swift */ = {isa = PBXFileReference; lastKnownFileType = sourcecode.swift; path = DoneLabel.swift; sourceTree = "<group>"; };
		5F3218332C12EAF900AACFE1 /* ResumeExerciseRoutineList.swift */ = {isa = PBXFileReference; lastKnownFileType = sourcecode.swift; path = ResumeExerciseRoutineList.swift; sourceTree = "<group>"; };
		5F3409EB2C0EFD3F009725F7 /* YouTubeNavigator.swift */ = {isa = PBXFileReference; lastKnownFileType = sourcecode.swift; path = YouTubeNavigator.swift; sourceTree = "<group>"; };
		5F3409ED2C0F1098009725F7 /* DailyRoutineExercise.swift */ = {isa = PBXFileReference; lastKnownFileType = sourcecode.swift; path = DailyRoutineExercise.swift; sourceTree = "<group>"; };
		5F3C4D662C13A714002969A6 /* CreateYourRoutineView.swift */ = {isa = PBXFileReference; lastKnownFileType = sourcecode.swift; path = CreateYourRoutineView.swift; sourceTree = "<group>"; };
		5F5FF7AC2C2558EA00462B5D /* HistoryView.swift */ = {isa = PBXFileReference; lastKnownFileType = sourcecode.swift; path = HistoryView.swift; sourceTree = "<group>"; };
		5F5FF7AE2C255E5D00462B5D /* HistoryModel.swift */ = {isa = PBXFileReference; lastKnownFileType = sourcecode.swift; path = HistoryModel.swift; sourceTree = "<group>"; };
		5F607D262C070DF700F59E95 /* RoutineModel.swift */ = {isa = PBXFileReference; lastKnownFileType = sourcecode.swift; path = RoutineModel.swift; sourceTree = "<group>"; };
		5F60B3B22C2B01F10071F6C1 /* ProfileInteractor.swift */ = {isa = PBXFileReference; lastKnownFileType = sourcecode.swift; path = ProfileInteractor.swift; sourceTree = "<group>"; };
		5F6ECDC62BFB20A50020644D /* officeStretches.app */ = {isa = PBXFileReference; explicitFileType = wrapper.application; includeInIndex = 0; path = officeStretches.app; sourceTree = BUILT_PRODUCTS_DIR; };
		5F6ECDC92BFB20A50020644D /* officeStretchesApp.swift */ = {isa = PBXFileReference; lastKnownFileType = sourcecode.swift; path = officeStretchesApp.swift; sourceTree = "<group>"; };
		5F6ECDCB2BFB20A50020644D /* ContentView.swift */ = {isa = PBXFileReference; lastKnownFileType = sourcecode.swift; path = ContentView.swift; sourceTree = "<group>"; };
		5F6ECDCD2BFB20A60020644D /* Assets.xcassets */ = {isa = PBXFileReference; lastKnownFileType = folder.assetcatalog; path = Assets.xcassets; sourceTree = "<group>"; };
		5F6ECDD02BFB20A60020644D /* Preview Assets.xcassets */ = {isa = PBXFileReference; lastKnownFileType = folder.assetcatalog; path = "Preview Assets.xcassets"; sourceTree = "<group>"; };
		5F6ECDD82BFB2F220020644D /* DailyRoutineCard.swift */ = {isa = PBXFileReference; lastKnownFileType = sourcecode.swift; path = DailyRoutineCard.swift; sourceTree = "<group>"; };
		5F6ECDDC2BFB35560020644D /* ProfileCell.swift */ = {isa = PBXFileReference; lastKnownFileType = sourcecode.swift; path = ProfileCell.swift; sourceTree = "<group>"; };
		5F6ECDDE2BFB37690020644D /* MyStretches.swift */ = {isa = PBXFileReference; lastKnownFileType = sourcecode.swift; path = MyStretches.swift; sourceTree = "<group>"; };
		5F6ECDE02BFB39140020644D /* MyStretchesCard.swift */ = {isa = PBXFileReference; lastKnownFileType = sourcecode.swift; path = MyStretchesCard.swift; sourceTree = "<group>"; };
		5F6ECDE22BFB3E4C0020644D /* TitleRow.swift */ = {isa = PBXFileReference; lastKnownFileType = sourcecode.swift; path = TitleRow.swift; sourceTree = "<group>"; };
		5F7506D22C10DF3D003BEFA0 /* Enums.swift */ = {isa = PBXFileReference; lastKnownFileType = sourcecode.swift; path = Enums.swift; sourceTree = "<group>"; };
		5F7D833D2C1A140800A27F75 /* SetDoneCount.swift */ = {isa = PBXFileReference; lastKnownFileType = sourcecode.swift; path = SetDoneCount.swift; sourceTree = "<group>"; };
		5F8371A82C450EA900716385 /* LoadingView.swift */ = {isa = PBXFileReference; lastKnownFileType = sourcecode.swift; path = LoadingView.swift; sourceTree = "<group>"; };
		5F9628932C01C41B00C4DC98 /* MuscleExercisesList.swift */ = {isa = PBXFileReference; lastKnownFileType = sourcecode.swift; path = MuscleExercisesList.swift; sourceTree = "<group>"; };
		5F9628952C01C44100C4DC98 /* MuscleExerciseListVM.swift */ = {isa = PBXFileReference; lastKnownFileType = sourcecode.swift; path = MuscleExerciseListVM.swift; sourceTree = "<group>"; };
		5F9628972C01D88D00C4DC98 /* ExerciseListRow.swift */ = {isa = PBXFileReference; lastKnownFileType = sourcecode.swift; path = ExerciseListRow.swift; sourceTree = "<group>"; };
		5FA2B7B12C19E82300757F83 /* CustomBackground.swift */ = {isa = PBXFileReference; lastKnownFileType = sourcecode.swift; path = CustomBackground.swift; sourceTree = "<group>"; };
		5FA2B7B32C19EBF800757F83 /* DetailExerciseInfo.swift */ = {isa = PBXFileReference; lastKnownFileType = sourcecode.swift; path = DetailExerciseInfo.swift; sourceTree = "<group>"; };
		5FA2B7B52C19FA3700757F83 /* CongratsView.swift */ = {isa = PBXFileReference; lastKnownFileType = sourcecode.swift; path = CongratsView.swift; sourceTree = "<group>"; };
		5FAA3C8D2BFD2FD800D4297F /* ExerciseListScrollView.swift */ = {isa = PBXFileReference; lastKnownFileType = sourcecode.swift; path = ExerciseListScrollView.swift; sourceTree = "<group>"; };
		5FAA3C902BFD3A9C00D4297F /* ExerciseModel.swift */ = {isa = PBXFileReference; lastKnownFileType = sourcecode.swift; path = ExerciseModel.swift; sourceTree = "<group>"; };
		5FAA3C932BFD3C6D00D4297F /* NetworkInteractor.swift */ = {isa = PBXFileReference; lastKnownFileType = sourcecode.swift; path = NetworkInteractor.swift; sourceTree = "<group>"; };
		5FAA3C952BFD3E0E00D4297F /* URLSession.swift */ = {isa = PBXFileReference; lastKnownFileType = sourcecode.swift; path = URLSession.swift; sourceTree = "<group>"; };
		5FAA3C972BFD3EF100D4297F /* NetworkError.swift */ = {isa = PBXFileReference; lastKnownFileType = sourcecode.swift; path = NetworkError.swift; sourceTree = "<group>"; };
		5FAA3C992BFD427C00D4297F /* URL.swift */ = {isa = PBXFileReference; lastKnownFileType = sourcecode.swift; path = URL.swift; sourceTree = "<group>"; };
		5FAA3C9C2BFD436B00D4297F /* URLRequest.swift */ = {isa = PBXFileReference; lastKnownFileType = sourcecode.swift; path = URLRequest.swift; sourceTree = "<group>"; };
		5FC108D32BFDDB74004B33FE /* ExerciseInteractor.swift */ = {isa = PBXFileReference; lastKnownFileType = sourcecode.swift; path = ExerciseInteractor.swift; sourceTree = "<group>"; };
		5FC108D62BFDFCA0004B33FE /* MainViewVM.swift */ = {isa = PBXFileReference; lastKnownFileType = sourcecode.swift; path = MainViewVM.swift; sourceTree = "<group>"; };
		5FC108DA2BFE02DD004B33FE /* ExerciseList.json */ = {isa = PBXFileReference; fileEncoding = 4; lastKnownFileType = text.json; path = ExerciseList.json; sourceTree = "<group>"; };
		5FC108DC2BFE04E4004B33FE /* PreviewData.swift */ = {isa = PBXFileReference; lastKnownFileType = sourcecode.swift; path = PreviewData.swift; sourceTree = "<group>"; };
		5FC4870E2C0DA583009B9A0A /* MyExerciseModel.swift */ = {isa = PBXFileReference; lastKnownFileType = sourcecode.swift; path = MyExerciseModel.swift; sourceTree = "<group>"; };
		5FC9AFEF2C392A5200B64261 /* ExerciseRoutineText.swift */ = {isa = PBXFileReference; lastKnownFileType = sourcecode.swift; path = ExerciseRoutineText.swift; sourceTree = "<group>"; };
		5FCA80262C590AB500EA0D8C /* officeStretchesTests.xctest */ = {isa = PBXFileReference; explicitFileType = wrapper.cfbundle; includeInIndex = 0; path = officeStretchesTests.xctest; sourceTree = BUILT_PRODUCTS_DIR; };
		5FCA80282C590AB500EA0D8C /* officeStretchesTests.swift */ = {isa = PBXFileReference; lastKnownFileType = sourcecode.swift; path = officeStretchesTests.swift; sourceTree = "<group>"; };
		5FCE64062C085CFF001B4E91 /* ExerciseRoutine.swift */ = {isa = PBXFileReference; lastKnownFileType = sourcecode.swift; path = ExerciseRoutine.swift; sourceTree = "<group>"; };
		5FD3DEE02C480FC200B0E2CF /* AppConfig.swift */ = {isa = PBXFileReference; fileEncoding = 4; lastKnownFileType = sourcecode.swift; path = AppConfig.swift; sourceTree = "<group>"; };
		5FD3DEE32C48130E00B0E2CF /* configAPI.plist */ = {isa = PBXFileReference; lastKnownFileType = text.plist.xml; path = configAPI.plist; sourceTree = "<group>"; };
/* End PBXFileReference section */

/* Begin PBXFrameworksBuildPhase section */
		5F6ECDC32BFB20A50020644D /* Frameworks */ = {
			isa = PBXFrameworksBuildPhase;
			buildActionMask = 2147483647;
			files = (
			);
			runOnlyForDeploymentPostprocessing = 0;
		};
		5FCA80232C590AB500EA0D8C /* Frameworks */ = {
			isa = PBXFrameworksBuildPhase;
			buildActionMask = 2147483647;
			files = (
			);
			runOnlyForDeploymentPostprocessing = 0;
		};
/* End PBXFrameworksBuildPhase section */

/* Begin PBXGroup section */
		5F22DCBD2C1ADA3C003028D2 /* Label */ = {
			isa = PBXGroup;
			children = (
				5F22DCB52C1AD0C1003028D2 /* ReadyLabel.swift */,
				5F22DCB92C1AD991003028D2 /* VideoLabel.swift */,
				5F22DCBB2C1AD9DA003028D2 /* DoneLabel.swift */,
			);
			name = Label;
			sourceTree = "<group>";
		};
		5F6ECDBD2BFB20A50020644D = {
			isa = PBXGroup;
			children = (
				5F6ECDC82BFB20A50020644D /* officeStretches */,
				5FCA80272C590AB500EA0D8C /* officeStretchesTests */,
				5F6ECDC72BFB20A50020644D /* Products */,
			);
			sourceTree = "<group>";
		};
		5F6ECDC72BFB20A50020644D /* Products */ = {
			isa = PBXGroup;
			children = (
				5F6ECDC62BFB20A50020644D /* officeStretches.app */,
				5FCA80262C590AB500EA0D8C /* officeStretchesTests.xctest */,
			);
			name = Products;
			sourceTree = "<group>";
		};
		5F6ECDC82BFB20A50020644D /* officeStretches */ = {
			isa = PBXGroup;
			children = (
				5F6ECDDA2BFB2FC20020644D /* System */,
				5F6ECDDB2BFB2FCC0020644D /* Views */,
				5FC108D52BFDFC5A004B33FE /* VM */,
				5FC108D22BFDDA48004B33FE /* Interactor */,
				5FAA3C922BFD3C4000D4297F /* Interface */,
				5FD3DEE22C480FD300B0E2CF /* Api Key */,
				5FAA3C8F2BFD3A6C00D4297F /* Model */,
				5F6ECDCD2BFB20A60020644D /* Assets.xcassets */,
				5F6ECDCF2BFB20A60020644D /* Preview Content */,
			);
			path = officeStretches;
			sourceTree = "<group>";
		};
		5F6ECDCF2BFB20A60020644D /* Preview Content */ = {
			isa = PBXGroup;
			children = (
				5FC108DC2BFE04E4004B33FE /* PreviewData.swift */,
				5FC108DA2BFE02DD004B33FE /* ExerciseList.json */,
				5F6ECDD02BFB20A60020644D /* Preview Assets.xcassets */,
			);
			path = "Preview Content";
			sourceTree = "<group>";
		};
		5F6ECDD72BFB2EF00020644D /* Components */ = {
			isa = PBXGroup;
			children = (
				5F22DCBD2C1ADA3C003028D2 /* Label */,
				5FA2B7B02C19E80300757F83 /* Custom */,
				5F6ECDD82BFB2F220020644D /* DailyRoutineCard.swift */,
				5F6ECDDC2BFB35560020644D /* ProfileCell.swift */,
				5F6ECDDE2BFB37690020644D /* MyStretches.swift */,
				5F6ECDE02BFB39140020644D /* MyStretchesCard.swift */,
				5F6ECDE22BFB3E4C0020644D /* TitleRow.swift */,
				5FAA3C8D2BFD2FD800D4297F /* ExerciseListScrollView.swift */,
				5F9628972C01D88D00C4DC98 /* ExerciseListRow.swift */,
				5F3218332C12EAF900AACFE1 /* ResumeExerciseRoutineList.swift */,
				5F1B4BE12C2166DE007666BD /* ResumeMyExerciseList.swift */,
				5FA2B7B32C19EBF800757F83 /* DetailExerciseInfo.swift */,
				5F7D833D2C1A140800A27F75 /* SetDoneCount.swift */,
				5F22DCB32C1ACF9A003028D2 /* RoutineIntro.swift */,
				5F22DCB72C1AD93A003028D2 /* ExerciseHeader.swift */,
			);
			name = Components;
			sourceTree = "<group>";
		};
		5F6ECDDA2BFB2FC20020644D /* System */ = {
			isa = PBXGroup;
			children = (
				5F6ECDC92BFB20A50020644D /* officeStretchesApp.swift */,
			);
			name = System;
			sourceTree = "<group>";
		};
		5F6ECDDB2BFB2FCC0020644D /* Views */ = {
			isa = PBXGroup;
			children = (
				5F6ECDCB2BFB20A50020644D /* ContentView.swift */,
				5F8371A82C450EA900716385 /* LoadingView.swift */,
				5F1C94CD2C04FF5B009F1B65 /* ProfileSettingsView.swift */,
				5F9628932C01C41B00C4DC98 /* MuscleExercisesList.swift */,
				5F09CDB12C04616D000F6E49 /* ExerciseDetailView.swift */,
				5FCE64062C085CFF001B4E91 /* ExerciseRoutine.swift */,
				5F1B4BDF2C216345007666BD /* MyExerciseRoutine.swift */,
				5F3409ED2C0F1098009725F7 /* DailyRoutineExercise.swift */,
				5F3C4D662C13A714002969A6 /* CreateYourRoutineView.swift */,
				5FA2B7B52C19FA3700757F83 /* CongratsView.swift */,
				5F5FF7AC2C2558EA00462B5D /* HistoryView.swift */,
				5F6ECDD72BFB2EF00020644D /* Components */,
			);
			name = Views;
			sourceTree = "<group>";
		};
		5FA2B7B02C19E80300757F83 /* Custom */ = {
			isa = PBXGroup;
			children = (
				5FA2B7B12C19E82300757F83 /* CustomBackground.swift */,
			);
			name = Custom;
			sourceTree = "<group>";
		};
		5FAA3C8F2BFD3A6C00D4297F /* Model */ = {
			isa = PBXGroup;
			children = (
				5FAA3C902BFD3A9C00D4297F /* ExerciseModel.swift */,
				5F1C94CF2C04FF91009F1B65 /* ProfileModel.swift */,
				5F607D262C070DF700F59E95 /* RoutineModel.swift */,
				5FC4870E2C0DA583009B9A0A /* MyExerciseModel.swift */,
				5F7506D22C10DF3D003BEFA0 /* Enums.swift */,
				5F5FF7AE2C255E5D00462B5D /* HistoryModel.swift */,
				5FC9AFEF2C392A5200B64261 /* ExerciseRoutineText.swift */,
			);
			name = Model;
			sourceTree = "<group>";
		};
		5FAA3C922BFD3C4000D4297F /* Interface */ = {
			isa = PBXGroup;
			children = (
				5FAA3C932BFD3C6D00D4297F /* NetworkInteractor.swift */,
				5FAA3C992BFD427C00D4297F /* URL.swift */,
				5FAA3C952BFD3E0E00D4297F /* URLSession.swift */,
				5FAA3C9C2BFD436B00D4297F /* URLRequest.swift */,
				5FAA3C972BFD3EF100D4297F /* NetworkError.swift */,
				5F3409EB2C0EFD3F009725F7 /* YouTubeNavigator.swift */,
			);
			name = Interface;
			sourceTree = "<group>";
		};
		5FC108D22BFDDA48004B33FE /* Interactor */ = {
			isa = PBXGroup;
			children = (
				5FC108D32BFDDB74004B33FE /* ExerciseInteractor.swift */,
				5F60B3B22C2B01F10071F6C1 /* ProfileInteractor.swift */,
			);
			name = Interactor;
			sourceTree = "<group>";
		};
		5FC108D52BFDFC5A004B33FE /* VM */ = {
			isa = PBXGroup;
			children = (
				5FC108D62BFDFCA0004B33FE /* MainViewVM.swift */,
				5F9628952C01C44100C4DC98 /* MuscleExerciseListVM.swift */,
				5F1C94D12C050673009F1B65 /* ProfileVM.swift */,
			);
			name = VM;
			sourceTree = "<group>";
		};
		5FCA80272C590AB500EA0D8C /* officeStretchesTests */ = {
			isa = PBXGroup;
			children = (
				5FCA80282C590AB500EA0D8C /* officeStretchesTests.swift */,
			);
			path = officeStretchesTests;
			sourceTree = "<group>";
		};
		5FD3DEE22C480FD300B0E2CF /* Api Key */ = {
			isa = PBXGroup;
			children = (
				5FD3DEE32C48130E00B0E2CF /* configAPI.plist */,
				5FD3DEE02C480FC200B0E2CF /* AppConfig.swift */,
			);
			name = "Api Key";
			sourceTree = "<group>";
		};
/* End PBXGroup section */

/* Begin PBXNativeTarget section */
		5F6ECDC52BFB20A50020644D /* officeStretches */ = {
			isa = PBXNativeTarget;
			buildConfigurationList = 5F6ECDD42BFB20A60020644D /* Build configuration list for PBXNativeTarget "officeStretches" */;
			buildPhases = (
				5F6ECDC22BFB20A50020644D /* Sources */,
				5F6ECDC32BFB20A50020644D /* Frameworks */,
				5F6ECDC42BFB20A50020644D /* Resources */,
			);
			buildRules = (
			);
			dependencies = (
			);
			name = officeStretches;
			productName = officeStretches;
			productReference = 5F6ECDC62BFB20A50020644D /* officeStretches.app */;
			productType = "com.apple.product-type.application";
		};
		5FCA80252C590AB500EA0D8C /* officeStretchesTests */ = {
			isa = PBXNativeTarget;
			buildConfigurationList = 5FCA802E2C590AB500EA0D8C /* Build configuration list for PBXNativeTarget "officeStretchesTests" */;
			buildPhases = (
				5FCA80222C590AB500EA0D8C /* Sources */,
				5FCA80232C590AB500EA0D8C /* Frameworks */,
				5FCA80242C590AB500EA0D8C /* Resources */,
			);
			buildRules = (
			);
			dependencies = (
				5FCA802B2C590AB500EA0D8C /* PBXTargetDependency */,
			);
			name = officeStretchesTests;
			productName = officeStretchesTests;
			productReference = 5FCA80262C590AB500EA0D8C /* officeStretchesTests.xctest */;
			productType = "com.apple.product-type.bundle.unit-test";
		};
/* End PBXNativeTarget section */

/* Begin PBXProject section */
		5F6ECDBE2BFB20A50020644D /* Project object */ = {
			isa = PBXProject;
			attributes = {
				BuildIndependentTargetsInParallel = 1;
				LastSwiftUpdateCheck = 1540;
				LastUpgradeCheck = 1540;
				TargetAttributes = {
					5F6ECDC52BFB20A50020644D = {
						CreatedOnToolsVersion = 15.4;
					};
					5FCA80252C590AB500EA0D8C = {
						CreatedOnToolsVersion = 15.4;
						TestTargetID = 5F6ECDC52BFB20A50020644D;
					};
				};
			};
			buildConfigurationList = 5F6ECDC12BFB20A50020644D /* Build configuration list for PBXProject "officeStretches" */;
			compatibilityVersion = "Xcode 14.0";
			developmentRegion = en;
			hasScannedForEncodings = 0;
			knownRegions = (
				en,
				Base,
			);
			mainGroup = 5F6ECDBD2BFB20A50020644D;
			productRefGroup = 5F6ECDC72BFB20A50020644D /* Products */;
			projectDirPath = "";
			projectRoot = "";
			targets = (
				5F6ECDC52BFB20A50020644D /* officeStretches */,
				5FCA80252C590AB500EA0D8C /* officeStretchesTests */,
			);
		};
/* End PBXProject section */

/* Begin PBXResourcesBuildPhase section */
		5F6ECDC42BFB20A50020644D /* Resources */ = {
			isa = PBXResourcesBuildPhase;
			buildActionMask = 2147483647;
			files = (
				5F6ECDD12BFB20A60020644D /* Preview Assets.xcassets in Resources */,
				5FD3DEE42C48130E00B0E2CF /* configAPI.plist in Resources */,
				5F6ECDCE2BFB20A60020644D /* Assets.xcassets in Resources */,
				5FC108DB2BFE02DE004B33FE /* ExerciseList.json in Resources */,
			);
			runOnlyForDeploymentPostprocessing = 0;
		};
		5FCA80242C590AB500EA0D8C /* Resources */ = {
			isa = PBXResourcesBuildPhase;
			buildActionMask = 2147483647;
			files = (
			);
			runOnlyForDeploymentPostprocessing = 0;
		};
/* End PBXResourcesBuildPhase section */

/* Begin PBXSourcesBuildPhase section */
		5F6ECDC22BFB20A50020644D /* Sources */ = {
			isa = PBXSourcesBuildPhase;
			buildActionMask = 2147483647;
			files = (
				5F6ECDE12BFB39140020644D /* MyStretchesCard.swift in Sources */,
				5FA2B7B62C19FA3700757F83 /* CongratsView.swift in Sources */,
				5FC9AFF02C392A5200B64261 /* ExerciseRoutineText.swift in Sources */,
				5FAA3C9D2BFD436B00D4297F /* URLRequest.swift in Sources */,
				5F7D833E2C1A140800A27F75 /* SetDoneCount.swift in Sources */,
				5F8371A92C450EA900716385 /* LoadingView.swift in Sources */,
				5F9628942C01C41B00C4DC98 /* MuscleExercisesList.swift in Sources */,
				5FC108DD2BFE04E4004B33FE /* PreviewData.swift in Sources */,
				5F6ECDE32BFB3E4C0020644D /* TitleRow.swift in Sources */,
				5F5FF7AD2C2558EA00462B5D /* HistoryView.swift in Sources */,
				5F3218342C12EAF900AACFE1 /* ResumeExerciseRoutineList.swift in Sources */,
				5FAA3C962BFD3E0E00D4297F /* URLSession.swift in Sources */,
				5F6ECDCC2BFB20A50020644D /* ContentView.swift in Sources */,
				5F09CDB22C04616D000F6E49 /* ExerciseDetailView.swift in Sources */,
				5F607D272C070DF700F59E95 /* RoutineModel.swift in Sources */,
				5FA2B7B22C19E82300757F83 /* CustomBackground.swift in Sources */,
				5F5FF7AF2C255E5D00462B5D /* HistoryModel.swift in Sources */,
				5FC4870F2C0DA583009B9A0A /* MyExerciseModel.swift in Sources */,
				5F60B3B32C2B01F10071F6C1 /* ProfileInteractor.swift in Sources */,
				5F6ECDDD2BFB35560020644D /* ProfileCell.swift in Sources */,
				5F22DCB82C1AD93A003028D2 /* ExerciseHeader.swift in Sources */,
				5F9628982C01D88D00C4DC98 /* ExerciseListRow.swift in Sources */,
				5FAA3C9A2BFD427C00D4297F /* URL.swift in Sources */,
				5F6ECDD92BFB2F220020644D /* DailyRoutineCard.swift in Sources */,
				5FC108D42BFDDB74004B33FE /* ExerciseInteractor.swift in Sources */,
				5F1C94CE2C04FF5B009F1B65 /* ProfileSettingsView.swift in Sources */,
				5FAA3C8E2BFD2FD800D4297F /* ExerciseListScrollView.swift in Sources */,
				5F3409EE2C0F1098009725F7 /* DailyRoutineExercise.swift in Sources */,
				5F6ECDDF2BFB37690020644D /* MyStretches.swift in Sources */,
				5F3C4D672C13A714002969A6 /* CreateYourRoutineView.swift in Sources */,
				5F22DCBC2C1AD9DA003028D2 /* DoneLabel.swift in Sources */,
				5FAA3C942BFD3C6D00D4297F /* NetworkInteractor.swift in Sources */,
				5FAA3C982BFD3EF100D4297F /* NetworkError.swift in Sources */,
				5F9628962C01C44100C4DC98 /* MuscleExerciseListVM.swift in Sources */,
				5F7506D32C10DF3D003BEFA0 /* Enums.swift in Sources */,
				5F1C94D02C04FF91009F1B65 /* ProfileModel.swift in Sources */,
				5F1B4BE22C2166DE007666BD /* ResumeMyExerciseList.swift in Sources */,
				5FA2B7B42C19EBF800757F83 /* DetailExerciseInfo.swift in Sources */,
				5F1B4BE02C216345007666BD /* MyExerciseRoutine.swift in Sources */,
				5F22DCB42C1ACF9A003028D2 /* RoutineIntro.swift in Sources */,
				5FCE64072C085CFF001B4E91 /* ExerciseRoutine.swift in Sources */,
				5F22DCBA2C1AD991003028D2 /* VideoLabel.swift in Sources */,
				5F22DCB62C1AD0C1003028D2 /* ReadyLabel.swift in Sources */,
				5FAA3C912BFD3A9D00D4297F /* ExerciseModel.swift in Sources */,
				5FC108D72BFDFCA0004B33FE /* MainViewVM.swift in Sources */,
				5FD3DEE12C480FC200B0E2CF /* AppConfig.swift in Sources */,
				5F3409EC2C0EFD3F009725F7 /* YouTubeNavigator.swift in Sources */,
				5F1C94D22C050673009F1B65 /* ProfileVM.swift in Sources */,
				5F6ECDCA2BFB20A50020644D /* officeStretchesApp.swift in Sources */,
			);
			runOnlyForDeploymentPostprocessing = 0;
		};
		5FCA80222C590AB500EA0D8C /* Sources */ = {
			isa = PBXSourcesBuildPhase;
			buildActionMask = 2147483647;
			files = (
				5FCA80292C590AB500EA0D8C /* officeStretchesTests.swift in Sources */,
			);
			runOnlyForDeploymentPostprocessing = 0;
		};
/* End PBXSourcesBuildPhase section */

/* Begin PBXTargetDependency section */
		5FCA802B2C590AB500EA0D8C /* PBXTargetDependency */ = {
			isa = PBXTargetDependency;
			target = 5F6ECDC52BFB20A50020644D /* officeStretches */;
			targetProxy = 5FCA802A2C590AB500EA0D8C /* PBXContainerItemProxy */;
		};
/* End PBXTargetDependency section */

/* Begin XCBuildConfiguration section */
		5F6ECDD22BFB20A60020644D /* Debug */ = {
			isa = XCBuildConfiguration;
			buildSettings = {
				ALWAYS_SEARCH_USER_PATHS = NO;
				ASSETCATALOG_COMPILER_GENERATE_SWIFT_ASSET_SYMBOL_EXTENSIONS = YES;
				CLANG_ANALYZER_NONNULL = YES;
				CLANG_ANALYZER_NUMBER_OBJECT_CONVERSION = YES_AGGRESSIVE;
				CLANG_CXX_LANGUAGE_STANDARD = "gnu++20";
				CLANG_ENABLE_MODULES = YES;
				CLANG_ENABLE_OBJC_ARC = YES;
				CLANG_ENABLE_OBJC_WEAK = YES;
				CLANG_WARN_BLOCK_CAPTURE_AUTORELEASING = YES;
				CLANG_WARN_BOOL_CONVERSION = YES;
				CLANG_WARN_COMMA = YES;
				CLANG_WARN_CONSTANT_CONVERSION = YES;
				CLANG_WARN_DEPRECATED_OBJC_IMPLEMENTATIONS = YES;
				CLANG_WARN_DIRECT_OBJC_ISA_USAGE = YES_ERROR;
				CLANG_WARN_DOCUMENTATION_COMMENTS = YES;
				CLANG_WARN_EMPTY_BODY = YES;
				CLANG_WARN_ENUM_CONVERSION = YES;
				CLANG_WARN_INFINITE_RECURSION = YES;
				CLANG_WARN_INT_CONVERSION = YES;
				CLANG_WARN_NON_LITERAL_NULL_CONVERSION = YES;
				CLANG_WARN_OBJC_IMPLICIT_RETAIN_SELF = YES;
				CLANG_WARN_OBJC_LITERAL_CONVERSION = YES;
				CLANG_WARN_OBJC_ROOT_CLASS = YES_ERROR;
				CLANG_WARN_QUOTED_INCLUDE_IN_FRAMEWORK_HEADER = YES;
				CLANG_WARN_RANGE_LOOP_ANALYSIS = YES;
				CLANG_WARN_STRICT_PROTOTYPES = YES;
				CLANG_WARN_SUSPICIOUS_MOVE = YES;
				CLANG_WARN_UNGUARDED_AVAILABILITY = YES_AGGRESSIVE;
				CLANG_WARN_UNREACHABLE_CODE = YES;
				CLANG_WARN__DUPLICATE_METHOD_MATCH = YES;
				COPY_PHASE_STRIP = NO;
				DEBUG_INFORMATION_FORMAT = dwarf;
				ENABLE_STRICT_OBJC_MSGSEND = YES;
				ENABLE_TESTABILITY = YES;
				ENABLE_USER_SCRIPT_SANDBOXING = YES;
				GCC_C_LANGUAGE_STANDARD = gnu17;
				GCC_DYNAMIC_NO_PIC = NO;
				GCC_NO_COMMON_BLOCKS = YES;
				GCC_OPTIMIZATION_LEVEL = 0;
				GCC_PREPROCESSOR_DEFINITIONS = (
					"DEBUG=1",
					"$(inherited)",
				);
				GCC_WARN_64_TO_32_BIT_CONVERSION = YES;
				GCC_WARN_ABOUT_RETURN_TYPE = YES_ERROR;
				GCC_WARN_UNDECLARED_SELECTOR = YES;
				GCC_WARN_UNINITIALIZED_AUTOS = YES_AGGRESSIVE;
				GCC_WARN_UNUSED_FUNCTION = YES;
				GCC_WARN_UNUSED_VARIABLE = YES;
				IPHONEOS_DEPLOYMENT_TARGET = 17.5;
				LOCALIZATION_PREFERS_STRING_CATALOGS = YES;
				MTL_ENABLE_DEBUG_INFO = INCLUDE_SOURCE;
				MTL_FAST_MATH = YES;
				ONLY_ACTIVE_ARCH = YES;
				SDKROOT = iphoneos;
				SWIFT_ACTIVE_COMPILATION_CONDITIONS = "DEBUG $(inherited)";
				SWIFT_OPTIMIZATION_LEVEL = "-Onone";
			};
			name = Debug;
		};
		5F6ECDD32BFB20A60020644D /* Release */ = {
			isa = XCBuildConfiguration;
			buildSettings = {
				ALWAYS_SEARCH_USER_PATHS = NO;
				ASSETCATALOG_COMPILER_GENERATE_SWIFT_ASSET_SYMBOL_EXTENSIONS = YES;
				CLANG_ANALYZER_NONNULL = YES;
				CLANG_ANALYZER_NUMBER_OBJECT_CONVERSION = YES_AGGRESSIVE;
				CLANG_CXX_LANGUAGE_STANDARD = "gnu++20";
				CLANG_ENABLE_MODULES = YES;
				CLANG_ENABLE_OBJC_ARC = YES;
				CLANG_ENABLE_OBJC_WEAK = YES;
				CLANG_WARN_BLOCK_CAPTURE_AUTORELEASING = YES;
				CLANG_WARN_BOOL_CONVERSION = YES;
				CLANG_WARN_COMMA = YES;
				CLANG_WARN_CONSTANT_CONVERSION = YES;
				CLANG_WARN_DEPRECATED_OBJC_IMPLEMENTATIONS = YES;
				CLANG_WARN_DIRECT_OBJC_ISA_USAGE = YES_ERROR;
				CLANG_WARN_DOCUMENTATION_COMMENTS = YES;
				CLANG_WARN_EMPTY_BODY = YES;
				CLANG_WARN_ENUM_CONVERSION = YES;
				CLANG_WARN_INFINITE_RECURSION = YES;
				CLANG_WARN_INT_CONVERSION = YES;
				CLANG_WARN_NON_LITERAL_NULL_CONVERSION = YES;
				CLANG_WARN_OBJC_IMPLICIT_RETAIN_SELF = YES;
				CLANG_WARN_OBJC_LITERAL_CONVERSION = YES;
				CLANG_WARN_OBJC_ROOT_CLASS = YES_ERROR;
				CLANG_WARN_QUOTED_INCLUDE_IN_FRAMEWORK_HEADER = YES;
				CLANG_WARN_RANGE_LOOP_ANALYSIS = YES;
				CLANG_WARN_STRICT_PROTOTYPES = YES;
				CLANG_WARN_SUSPICIOUS_MOVE = YES;
				CLANG_WARN_UNGUARDED_AVAILABILITY = YES_AGGRESSIVE;
				CLANG_WARN_UNREACHABLE_CODE = YES;
				CLANG_WARN__DUPLICATE_METHOD_MATCH = YES;
				COPY_PHASE_STRIP = NO;
				DEBUG_INFORMATION_FORMAT = "dwarf-with-dsym";
				ENABLE_NS_ASSERTIONS = NO;
				ENABLE_STRICT_OBJC_MSGSEND = YES;
				ENABLE_USER_SCRIPT_SANDBOXING = YES;
				GCC_C_LANGUAGE_STANDARD = gnu17;
				GCC_NO_COMMON_BLOCKS = YES;
				GCC_WARN_64_TO_32_BIT_CONVERSION = YES;
				GCC_WARN_ABOUT_RETURN_TYPE = YES_ERROR;
				GCC_WARN_UNDECLARED_SELECTOR = YES;
				GCC_WARN_UNINITIALIZED_AUTOS = YES_AGGRESSIVE;
				GCC_WARN_UNUSED_FUNCTION = YES;
				GCC_WARN_UNUSED_VARIABLE = YES;
				IPHONEOS_DEPLOYMENT_TARGET = 17.5;
				LOCALIZATION_PREFERS_STRING_CATALOGS = YES;
				MTL_ENABLE_DEBUG_INFO = NO;
				MTL_FAST_MATH = YES;
				SDKROOT = iphoneos;
				SWIFT_COMPILATION_MODE = wholemodule;
				VALIDATE_PRODUCT = YES;
			};
			name = Release;
		};
		5F6ECDD52BFB20A60020644D /* Debug */ = {
			isa = XCBuildConfiguration;
			buildSettings = {
				ASSETCATALOG_COMPILER_APPICON_NAME = AppIcon;
				ASSETCATALOG_COMPILER_GLOBAL_ACCENT_COLOR_NAME = AccentColor;
				CODE_SIGN_STYLE = Automatic;
				CURRENT_PROJECT_VERSION = 1;
				DEVELOPMENT_ASSET_PATHS = "\"officeStretches/Preview Content\"";
				DEVELOPMENT_TEAM = H88V46H93C;
				ENABLE_PREVIEWS = YES;
				GENERATE_INFOPLIST_FILE = YES;
				INFOPLIST_KEY_UIApplicationSceneManifest_Generation = YES;
				INFOPLIST_KEY_UIApplicationSupportsIndirectInputEvents = YES;
				INFOPLIST_KEY_UILaunchScreen_Generation = YES;
				INFOPLIST_KEY_UISupportedInterfaceOrientations_iPad = "UIInterfaceOrientationPortrait UIInterfaceOrientationPortraitUpsideDown UIInterfaceOrientationLandscapeLeft UIInterfaceOrientationLandscapeRight";
				INFOPLIST_KEY_UISupportedInterfaceOrientations_iPhone = "UIInterfaceOrientationPortrait UIInterfaceOrientationLandscapeLeft UIInterfaceOrientationLandscapeRight";
				LD_RUNPATH_SEARCH_PATHS = (
					"$(inherited)",
					"@executable_path/Frameworks",
				);
				MARKETING_VERSION = 1.0;
				PRODUCT_BUNDLE_IDENTIFIER = org.alexmaxu.officeStretches;
				PRODUCT_NAME = "$(TARGET_NAME)";
				SWIFT_EMIT_LOC_STRINGS = YES;
				SWIFT_VERSION = 5.0;
				TARGETED_DEVICE_FAMILY = "1,2";
			};
			name = Debug;
		};
		5F6ECDD62BFB20A60020644D /* Release */ = {
			isa = XCBuildConfiguration;
			buildSettings = {
				ASSETCATALOG_COMPILER_APPICON_NAME = AppIcon;
				ASSETCATALOG_COMPILER_GLOBAL_ACCENT_COLOR_NAME = AccentColor;
				CODE_SIGN_STYLE = Automatic;
				CURRENT_PROJECT_VERSION = 1;
				DEVELOPMENT_ASSET_PATHS = "\"officeStretches/Preview Content\"";
				DEVELOPMENT_TEAM = H88V46H93C;
				ENABLE_PREVIEWS = YES;
				GENERATE_INFOPLIST_FILE = YES;
				INFOPLIST_KEY_UIApplicationSceneManifest_Generation = YES;
				INFOPLIST_KEY_UIApplicationSupportsIndirectInputEvents = YES;
				INFOPLIST_KEY_UILaunchScreen_Generation = YES;
				INFOPLIST_KEY_UISupportedInterfaceOrientations_iPad = "UIInterfaceOrientationPortrait UIInterfaceOrientationPortraitUpsideDown UIInterfaceOrientationLandscapeLeft UIInterfaceOrientationLandscapeRight";
				INFOPLIST_KEY_UISupportedInterfaceOrientations_iPhone = "UIInterfaceOrientationPortrait UIInterfaceOrientationLandscapeLeft UIInterfaceOrientationLandscapeRight";
				LD_RUNPATH_SEARCH_PATHS = (
					"$(inherited)",
					"@executable_path/Frameworks",
				);
				MARKETING_VERSION = 1.0;
				PRODUCT_BUNDLE_IDENTIFIER = org.alexmaxu.officeStretches;
				PRODUCT_NAME = "$(TARGET_NAME)";
				SWIFT_EMIT_LOC_STRINGS = YES;
				SWIFT_VERSION = 5.0;
				TARGETED_DEVICE_FAMILY = "1,2";
			};
			name = Release;
		};
		5FCA802C2C590AB500EA0D8C /* Debug */ = {
			isa = XCBuildConfiguration;
			buildSettings = {
				BUNDLE_LOADER = "$(TEST_HOST)";
				CODE_SIGN_STYLE = Automatic;
				CURRENT_PROJECT_VERSION = 1;
				DEVELOPMENT_TEAM = H88V46H93C;
				GENERATE_INFOPLIST_FILE = YES;
				MARKETING_VERSION = 1.0;
				PRODUCT_BUNDLE_IDENTIFIER = org.alexmaxu.officeStretchesTests;
				PRODUCT_NAME = "$(TARGET_NAME)";
				SWIFT_EMIT_LOC_STRINGS = NO;
				SWIFT_VERSION = 5.0;
				TARGETED_DEVICE_FAMILY = "1,2";
				TEST_HOST = "$(BUILT_PRODUCTS_DIR)/officeStretches.app/$(BUNDLE_EXECUTABLE_FOLDER_PATH)/officeStretches";
			};
			name = Debug;
		};
		5FCA802D2C590AB500EA0D8C /* Release */ = {
			isa = XCBuildConfiguration;
			buildSettings = {
				BUNDLE_LOADER = "$(TEST_HOST)";
				CODE_SIGN_STYLE = Automatic;
				CURRENT_PROJECT_VERSION = 1;
				DEVELOPMENT_TEAM = H88V46H93C;
				GENERATE_INFOPLIST_FILE = YES;
				MARKETING_VERSION = 1.0;
				PRODUCT_BUNDLE_IDENTIFIER = org.alexmaxu.officeStretchesTests;
				PRODUCT_NAME = "$(TARGET_NAME)";
				SWIFT_EMIT_LOC_STRINGS = NO;
				SWIFT_VERSION = 5.0;
				TARGETED_DEVICE_FAMILY = "1,2";
				TEST_HOST = "$(BUILT_PRODUCTS_DIR)/officeStretches.app/$(BUNDLE_EXECUTABLE_FOLDER_PATH)/officeStretches";
			};
			name = Release;
		};
/* End XCBuildConfiguration section */

/* Begin XCConfigurationList section */
		5F6ECDC12BFB20A50020644D /* Build configuration list for PBXProject "officeStretches" */ = {
			isa = XCConfigurationList;
			buildConfigurations = (
				5F6ECDD22BFB20A60020644D /* Debug */,
				5F6ECDD32BFB20A60020644D /* Release */,
			);
			defaultConfigurationIsVisible = 0;
			defaultConfigurationName = Release;
		};
		5F6ECDD42BFB20A60020644D /* Build configuration list for PBXNativeTarget "officeStretches" */ = {
			isa = XCConfigurationList;
			buildConfigurations = (
				5F6ECDD52BFB20A60020644D /* Debug */,
				5F6ECDD62BFB20A60020644D /* Release */,
			);
			defaultConfigurationIsVisible = 0;
			defaultConfigurationName = Release;
		};
		5FCA802E2C590AB500EA0D8C /* Build configuration list for PBXNativeTarget "officeStretchesTests" */ = {
			isa = XCConfigurationList;
			buildConfigurations = (
				5FCA802C2C590AB500EA0D8C /* Debug */,
				5FCA802D2C590AB500EA0D8C /* Release */,
			);
			defaultConfigurationIsVisible = 0;
			defaultConfigurationName = Release;
		};
/* End XCConfigurationList section */
	};
	rootObject = 5F6ECDBE2BFB20A50020644D /* Project object */;
}
